
Microsoft Visual Studio Solution File, Format Version 12.00
# Visual Studio Version 17
VisualStudioVersion = 17.0.31903.59
MinimumVisualStudioVersion = 10.0.40219.1
Project("{FAE04EC0-301F-11D3-BF4B-00C04F79EFBC}") = "Rift.Runtime.API", "src\Rift.Runtime.API\Rift.Runtime.API.csproj", "{1A50B1C2-4612-4BC0-AC4C-0C07EF02D451}"
EndProject
Project("{FAE04EC0-301F-11D3-BF4B-00C04F79EFBC}") = "Rift.Runtime", "src\Rift.Runtime\Rift.Runtime.csproj", "{A8C695AA-742C-4E74-BD71-3764C795F24E}"
EndProject
Project("{FAE04EC0-301F-11D3-BF4B-00C04F79EFBC}") = "Rift", "src\Rift\Rift.csproj", "{64A6E16B-BFD5-4549-9217-2D9D197573F3}"
EndProject
Project("{2150E333-8FDC-42A3-9474-1A3956D46DE8}") = "Plugins", "Plugins", "{617F4F52-4FB0-4DF8-AEFD-F9C15F1B768C}"
EndProject
Project("{2150E333-8FDC-42A3-9474-1A3956D46DE8}") = "Rift.Generate", "Rift.Generate", "{2371BAB7-F685-42B7-8970-0423889D5817}"
EndProject
Project("{FAE04EC0-301F-11D3-BF4B-00C04F79EFBC}") = "Rift.Generate", "src\Plugins\Rift.Generate\Rift.Generate\Rift.Generate.csproj", "{2F54EBFB-786E-4557-A4D7-E09CAB2223CB}"
EndProject
Project("{FAE04EC0-301F-11D3-BF4B-00C04F79EFBC}") = "Rift.Generate.API", "src\Plugins\Rift.Generate\Rift.Generate.API\Rift.Generate.API.csproj", "{764DA912-4C3B-4378-B5EE-2164736D3BD4}"
EndProject
Project("{2150E333-8FDC-42A3-9474-1A3956D46DE8}") = "Rift.Go", "Rift.Go", "{991CECD8-7E1C-48AF-A4DE-757FA72964E6}"
EndProject
Project("{FAE04EC0-301F-11D3-BF4B-00C04F79EFBC}") = "Rift.Go", "src\Plugins\Rift.Go\Rift.Go\Rift.Go.csproj", "{C498C1EA-DFB7-49D4-A98C-F9C9B940F490}"
EndProject
Project("{FAE04EC0-301F-11D3-BF4B-00C04F79EFBC}") = "Rift.Go.API", "src\Plugins\Rift.Go\Rift.Go.API\Rift.Go.API.csproj", "{94065CEE-9D22-4389-8D7E-0599669AFF32}"
EndProject
Global
	GlobalSection(SolutionConfigurationPlatforms) = preSolution
		Debug|Any CPU = Debug|Any CPU
		Release|Any CPU = Release|Any CPU
	EndGlobalSection
	GlobalSection(ProjectConfigurationPlatforms) = postSolution
		{1A50B1C2-4612-4BC0-AC4C-0C07EF02D451}.Debug|Any CPU.ActiveCfg = Debug|Any CPU
		{1A50B1C2-4612-4BC0-AC4C-0C07EF02D451}.Debug|Any CPU.Build.0 = Debug|Any CPU
		{1A50B1C2-4612-4BC0-AC4C-0C07EF02D451}.Release|Any CPU.ActiveCfg = Release|Any CPU
		{1A50B1C2-4612-4BC0-AC4C-0C07EF02D451}.Release|Any CPU.Build.0 = Release|Any CPU
		{A8C695AA-742C-4E74-BD71-3764C795F24E}.Debug|Any CPU.ActiveCfg = Debug|Any CPU
		{A8C695AA-742C-4E74-BD71-3764C795F24E}.Debug|Any CPU.Build.0 = Debug|Any CPU
		{A8C695AA-742C-4E74-BD71-3764C795F24E}.Release|Any CPU.ActiveCfg = Release|Any CPU
		{A8C695AA-742C-4E74-BD71-3764C795F24E}.Release|Any CPU.Build.0 = Release|Any CPU
		{64A6E16B-BFD5-4549-9217-2D9D197573F3}.Debug|Any CPU.ActiveCfg = Debug|Any CPU
		{64A6E16B-BFD5-4549-9217-2D9D197573F3}.Debug|Any CPU.Build.0 = Debug|Any CPU
		{64A6E16B-BFD5-4549-9217-2D9D197573F3}.Release|Any CPU.ActiveCfg = Release|Any CPU
		{64A6E16B-BFD5-4549-9217-2D9D197573F3}.Release|Any CPU.Build.0 = Release|Any CPU
		{2F54EBFB-786E-4557-A4D7-E09CAB2223CB}.Debug|Any CPU.ActiveCfg = Debug|Any CPU
		{2F54EBFB-786E-4557-A4D7-E09CAB2223CB}.Debug|Any CPU.Build.0 = Debug|Any CPU
		{2F54EBFB-786E-4557-A4D7-E09CAB2223CB}.Release|Any CPU.ActiveCfg = Release|Any CPU
		{2F54EBFB-786E-4557-A4D7-E09CAB2223CB}.Release|Any CPU.Build.0 = Release|Any CPU
		{764DA912-4C3B-4378-B5EE-2164736D3BD4}.Debug|Any CPU.ActiveCfg = Debug|Any CPU
		{764DA912-4C3B-4378-B5EE-2164736D3BD4}.Debug|Any CPU.Build.0 = Debug|Any CPU
		{764DA912-4C3B-4378-B5EE-2164736D3BD4}.Release|Any CPU.ActiveCfg = Release|Any CPU
		{764DA912-4C3B-4378-B5EE-2164736D3BD4}.Release|Any CPU.Build.0 = Release|Any CPU
		{C498C1EA-DFB7-49D4-A98C-F9C9B940F490}.Debug|Any CPU.ActiveCfg = Debug|Any CPU
		{C498C1EA-DFB7-49D4-A98C-F9C9B940F490}.Debug|Any CPU.Build.0 = Debug|Any CPU
		{C498C1EA-DFB7-49D4-A98C-F9C9B940F490}.Release|Any CPU.ActiveCfg = Release|Any CPU
		{C498C1EA-DFB7-49D4-A98C-F9C9B940F490}.Release|Any CPU.Build.0 = Release|Any CPU
		{94065CEE-9D22-4389-8D7E-0599669AFF32}.Debug|Any CPU.ActiveCfg = Debug|Any CPU
		{94065CEE-9D22-4389-8D7E-0599669AFF32}.Debug|Any CPU.Build.0 = Debug|Any CPU
		{94065CEE-9D22-4389-8D7E-0599669AFF32}.Release|Any CPU.ActiveCfg = Release|Any CPU
		{94065CEE-9D22-4389-8D7E-0599669AFF32}.Release|Any CPU.Build.0 = Release|Any CPU
	EndGlobalSection
	GlobalSection(SolutionProperties) = preSolution
		HideSolutionNode = FALSE
	EndGlobalSection
	GlobalSection(NestedProjects) = preSolution
		{2371BAB7-F685-42B7-8970-0423889D5817} = {617F4F52-4FB0-4DF8-AEFD-F9C15F1B768C}
		{2F54EBFB-786E-4557-A4D7-E09CAB2223CB} = {2371BAB7-F685-42B7-8970-0423889D5817}
		{764DA912-4C3B-4378-B5EE-2164736D3BD4} = {2371BAB7-F685-42B7-8970-0423889D5817}
		{991CECD8-7E1C-48AF-A4DE-757FA72964E6} = {617F4F52-4FB0-4DF8-AEFD-F9C15F1B768C}
		{C498C1EA-DFB7-49D4-A98C-F9C9B940F490} = {991CECD8-7E1C-48AF-A4DE-757FA72964E6}
		{94065CEE-9D22-4389-8D7E-0599669AFF32} = {991CECD8-7E1C-48AF-A4DE-757FA72964E6}
	EndGlobalSection
EndGlobal
