
Microsoft Visual Studio Solution File, Format Version 12.00
# Visual Studio Version 17
VisualStudioVersion = 17.0.31903.59
MinimumVisualStudioVersion = 10.0.40219.1
Project("{FAE04EC0-301F-11D3-BF4B-00C04F79EFBC}") = "Rift.Runtime", "src\Rift.Runtime\Rift.Runtime.csproj", "{A8C695AA-742C-4E74-BD71-3764C795F24E}"
EndProject
Project("{FAE04EC0-301F-11D3-BF4B-00C04F79EFBC}") = "Rift", "src\Rift\Rift.csproj", "{64A6E16B-BFD5-4549-9217-2D9D197573F3}"
EndProject
Project("{2150E333-8FDC-42A3-9474-1A3956D46DE8}") = "Plugins", "Plugins", "{617F4F52-4FB0-4DF8-AEFD-F9C15F1B768C}"
EndProject
Project("{FAE04EC0-301F-11D3-BF4B-00C04F79EFBC}") = "Rift.Runtime.Tests", "src\Rift.Runtime.Tests\Rift.Runtime.Tests.csproj", "{C50FCAA0-54AF-4242-B123-20F59D877986}"
EndProject
Project("{FAE04EC0-301F-11D3-BF4B-00C04F79EFBC}") = "Rift.Generate", "src\Plugins\Rift.Generate\Rift.Generate.csproj", "{1E2D6DE3-D54D-4A72-9AB0-9A2A11316A1D}"
EndProject
Project("{FAE04EC0-301F-11D3-BF4B-00C04F79EFBC}") = "Rift.Go", "src\Plugins\Rift.Go\Rift.Go.csproj", "{18F62954-9667-4696-8C59-6C6656F29E63}"
EndProject
Global
	GlobalSection(SolutionConfigurationPlatforms) = preSolution
		Debug|Any CPU = Debug|Any CPU
		Release|Any CPU = Release|Any CPU
	EndGlobalSection
	GlobalSection(ProjectConfigurationPlatforms) = postSolution
		{A8C695AA-742C-4E74-BD71-3764C795F24E}.Debug|Any CPU.ActiveCfg = Debug|Any CPU
		{A8C695AA-742C-4E74-BD71-3764C795F24E}.Debug|Any CPU.Build.0 = Debug|Any CPU
		{A8C695AA-742C-4E74-BD71-3764C795F24E}.Release|Any CPU.ActiveCfg = Release|Any CPU
		{A8C695AA-742C-4E74-BD71-3764C795F24E}.Release|Any CPU.Build.0 = Release|Any CPU
		{64A6E16B-BFD5-4549-9217-2D9D197573F3}.Debug|Any CPU.ActiveCfg = Debug|Any CPU
		{64A6E16B-BFD5-4549-9217-2D9D197573F3}.Debug|Any CPU.Build.0 = Debug|Any CPU
		{64A6E16B-BFD5-4549-9217-2D9D197573F3}.Release|Any CPU.ActiveCfg = Release|Any CPU
		{64A6E16B-BFD5-4549-9217-2D9D197573F3}.Release|Any CPU.Build.0 = Release|Any CPU
		{C50FCAA0-54AF-4242-B123-20F59D877986}.Debug|Any CPU.ActiveCfg = Debug|Any CPU
		{C50FCAA0-54AF-4242-B123-20F59D877986}.Debug|Any CPU.Build.0 = Debug|Any CPU
		{C50FCAA0-54AF-4242-B123-20F59D877986}.Release|Any CPU.ActiveCfg = Release|Any CPU
		{C50FCAA0-54AF-4242-B123-20F59D877986}.Release|Any CPU.Build.0 = Release|Any CPU
		{1E2D6DE3-D54D-4A72-9AB0-9A2A11316A1D}.Debug|Any CPU.ActiveCfg = Debug|Any CPU
		{1E2D6DE3-D54D-4A72-9AB0-9A2A11316A1D}.Debug|Any CPU.Build.0 = Debug|Any CPU
		{1E2D6DE3-D54D-4A72-9AB0-9A2A11316A1D}.Release|Any CPU.ActiveCfg = Release|Any CPU
		{1E2D6DE3-D54D-4A72-9AB0-9A2A11316A1D}.Release|Any CPU.Build.0 = Release|Any CPU
		{18F62954-9667-4696-8C59-6C6656F29E63}.Debug|Any CPU.ActiveCfg = Debug|Any CPU
		{18F62954-9667-4696-8C59-6C6656F29E63}.Debug|Any CPU.Build.0 = Debug|Any CPU
		{18F62954-9667-4696-8C59-6C6656F29E63}.Release|Any CPU.ActiveCfg = Release|Any CPU
		{18F62954-9667-4696-8C59-6C6656F29E63}.Release|Any CPU.Build.0 = Release|Any CPU
	EndGlobalSection
	GlobalSection(SolutionProperties) = preSolution
		HideSolutionNode = FALSE
	EndGlobalSection
	GlobalSection(NestedProjects) = preSolution
		{1E2D6DE3-D54D-4A72-9AB0-9A2A11316A1D} = {617F4F52-4FB0-4DF8-AEFD-F9C15F1B768C}
		{18F62954-9667-4696-8C59-6C6656F29E63} = {617F4F52-4FB0-4DF8-AEFD-F9C15F1B768C}
	EndGlobalSection
EndGlobal
