
Microsoft Visual Studio Solution File, Format Version 12.00
# Visual Studio Version 17
VisualStudioVersion = 17.0.31903.59
MinimumVisualStudioVersion = 10.0.40219.1
Project("{9A19103F-16F7-4668-BE54-9A1E7A4F7556}") = "Rift.Runtime", "Rift.Runtime\Rift.Runtime.csproj", "{2C3CFD9E-708B-4FAA-9691-7C6D738D5121}"
EndProject
Project("{9A19103F-16F7-4668-BE54-9A1E7A4F7556}") = "Rift.Runtime.Generator", "Rift.Runtime.Generator\Rift.Runtime.Generator.csproj", "{5E051B1E-13AB-4B58-B47A-EC53C17DF3C1}"
EndProject
Project("{9A19103F-16F7-4668-BE54-9A1E7A4F7556}") = "Rift.Runtime.API", "Rift.Runtime.API\Rift.Runtime.API.csproj", "{2ACA2296-A790-4895-8866-58CB7E849161}"
EndProject
Project("{2150E333-8FDC-42A3-9474-1A3956D46DE8}") = "Plugins", "Plugins", "{FABA0B98-34E9-41D9-8D1A-250D01F22425}"
EndProject
Project("{9A19103F-16F7-4668-BE54-9A1E7A4F7556}") = "Rift.Generate.API", "Plugins\Rift.Generate\Rift.Generate.API\Rift.Generate.API.csproj", "{DC0AFEE3-D57F-4E76-9B6D-FDF1C754E1F2}"
EndProject
Project("{2150E333-8FDC-42A3-9474-1A3956D46DE8}") = "Rift.Generate", "Rift.Generate", "{3AD291C3-E5B9-4B41-A0A8-FD770653EF03}"
EndProject
Project("{9A19103F-16F7-4668-BE54-9A1E7A4F7556}") = "Rift.Generate", "Plugins\Rift.Generate\Rift.Generate\Rift.Generate.csproj", "{72E9E59C-FCE1-46CB-ABEC-B366B77FDB66}"
EndProject
Project("{2150E333-8FDC-42A3-9474-1A3956D46DE8}") = "Rift.Go", "Rift.Go", "{5A5122C9-266B-4D7A-8824-A6138F04C8F4}"
EndProject
Project("{9A19103F-16F7-4668-BE54-9A1E7A4F7556}") = "Rift.Go.API", "Plugins\Rift.Go\Rift.Go.API\Rift.Go.API.csproj", "{A50AFDF5-8134-4188-BD3D-77DC9AEA3519}"
EndProject
Project("{9A19103F-16F7-4668-BE54-9A1E7A4F7556}") = "Rift.Go", "Plugins\Rift.Go\Rift.Go\Rift.Go.csproj", "{15B23FE9-6B88-429F-BB3A-E76F9F347731}"
EndProject
Project("{2150E333-8FDC-42A3-9474-1A3956D46DE8}") = "Rift.Docker", "Rift.Docker", "{3C744B67-9B12-41F2-8C9C-F0013C94752D}"
EndProject
Project("{2150E333-8FDC-42A3-9474-1A3956D46DE8}") = "Rift.Cxx", "Rift.Cxx", "{95BE65D9-4D4B-4718-919E-64754594C96F}"
EndProject
Project("{FAE04EC0-301F-11D3-BF4B-00C04F79EFBC}") = "Rift.Docker", "Plugins\Rift.Docker\Rift.Docker\Rift.Docker.csproj", "{ABFCBA0B-61C3-41B9-A009-DE4DDEF6A82F}"
EndProject
Project("{FAE04EC0-301F-11D3-BF4B-00C04F79EFBC}") = "Rift.Docker.API", "Plugins\Rift.Docker\Rift.Docker.API\Rift.Docker.API.csproj", "{61AF6C69-7ABD-4881-A4FD-3E421268971F}"
EndProject
Project("{FAE04EC0-301F-11D3-BF4B-00C04F79EFBC}") = "Rift.Cxx", "Plugins\Rift.Cxx\Rift.Cxx\Rift.Cxx.csproj", "{08BE9A99-748D-46C1-B2F4-98BF116609AF}"
EndProject
Project("{FAE04EC0-301F-11D3-BF4B-00C04F79EFBC}") = "Rift.Cxx.API", "Plugins\Rift.Cxx\Rift.Cxx.API\Rift.Cxx.API.csproj", "{B3CDB512-1DCA-415C-A8F8-C047BB719DDE}"
EndProject
Global
	GlobalSection(SolutionConfigurationPlatforms) = preSolution
		Debug|Any CPU = Debug|Any CPU
		Release|Any CPU = Release|Any CPU
	EndGlobalSection
	GlobalSection(ProjectConfigurationPlatforms) = postSolution
		{2C3CFD9E-708B-4FAA-9691-7C6D738D5121}.Debug|Any CPU.ActiveCfg = Debug|Any CPU
		{2C3CFD9E-708B-4FAA-9691-7C6D738D5121}.Debug|Any CPU.Build.0 = Debug|Any CPU
		{2C3CFD9E-708B-4FAA-9691-7C6D738D5121}.Release|Any CPU.ActiveCfg = Release|Any CPU
		{2C3CFD9E-708B-4FAA-9691-7C6D738D5121}.Release|Any CPU.Build.0 = Release|Any CPU
		{5E051B1E-13AB-4B58-B47A-EC53C17DF3C1}.Debug|Any CPU.ActiveCfg = Debug|Any CPU
		{5E051B1E-13AB-4B58-B47A-EC53C17DF3C1}.Debug|Any CPU.Build.0 = Debug|Any CPU
		{5E051B1E-13AB-4B58-B47A-EC53C17DF3C1}.Release|Any CPU.ActiveCfg = Release|Any CPU
		{5E051B1E-13AB-4B58-B47A-EC53C17DF3C1}.Release|Any CPU.Build.0 = Release|Any CPU
		{2ACA2296-A790-4895-8866-58CB7E849161}.Debug|Any CPU.ActiveCfg = Debug|Any CPU
		{2ACA2296-A790-4895-8866-58CB7E849161}.Debug|Any CPU.Build.0 = Debug|Any CPU
		{2ACA2296-A790-4895-8866-58CB7E849161}.Release|Any CPU.ActiveCfg = Release|Any CPU
		{2ACA2296-A790-4895-8866-58CB7E849161}.Release|Any CPU.Build.0 = Release|Any CPU
		{DC0AFEE3-D57F-4E76-9B6D-FDF1C754E1F2}.Debug|Any CPU.ActiveCfg = Debug|Any CPU
		{DC0AFEE3-D57F-4E76-9B6D-FDF1C754E1F2}.Debug|Any CPU.Build.0 = Debug|Any CPU
		{DC0AFEE3-D57F-4E76-9B6D-FDF1C754E1F2}.Release|Any CPU.ActiveCfg = Release|Any CPU
		{DC0AFEE3-D57F-4E76-9B6D-FDF1C754E1F2}.Release|Any CPU.Build.0 = Release|Any CPU
		{72E9E59C-FCE1-46CB-ABEC-B366B77FDB66}.Debug|Any CPU.ActiveCfg = Debug|Any CPU
		{72E9E59C-FCE1-46CB-ABEC-B366B77FDB66}.Debug|Any CPU.Build.0 = Debug|Any CPU
		{72E9E59C-FCE1-46CB-ABEC-B366B77FDB66}.Release|Any CPU.ActiveCfg = Release|Any CPU
		{72E9E59C-FCE1-46CB-ABEC-B366B77FDB66}.Release|Any CPU.Build.0 = Release|Any CPU
		{A50AFDF5-8134-4188-BD3D-77DC9AEA3519}.Debug|Any CPU.ActiveCfg = Debug|Any CPU
		{A50AFDF5-8134-4188-BD3D-77DC9AEA3519}.Debug|Any CPU.Build.0 = Debug|Any CPU
		{A50AFDF5-8134-4188-BD3D-77DC9AEA3519}.Release|Any CPU.ActiveCfg = Release|Any CPU
		{A50AFDF5-8134-4188-BD3D-77DC9AEA3519}.Release|Any CPU.Build.0 = Release|Any CPU
		{15B23FE9-6B88-429F-BB3A-E76F9F347731}.Debug|Any CPU.ActiveCfg = Debug|Any CPU
		{15B23FE9-6B88-429F-BB3A-E76F9F347731}.Debug|Any CPU.Build.0 = Debug|Any CPU
		{15B23FE9-6B88-429F-BB3A-E76F9F347731}.Release|Any CPU.ActiveCfg = Release|Any CPU
		{15B23FE9-6B88-429F-BB3A-E76F9F347731}.Release|Any CPU.Build.0 = Release|Any CPU
		{ABFCBA0B-61C3-41B9-A009-DE4DDEF6A82F}.Debug|Any CPU.ActiveCfg = Debug|Any CPU
		{ABFCBA0B-61C3-41B9-A009-DE4DDEF6A82F}.Debug|Any CPU.Build.0 = Debug|Any CPU
		{ABFCBA0B-61C3-41B9-A009-DE4DDEF6A82F}.Release|Any CPU.ActiveCfg = Release|Any CPU
		{ABFCBA0B-61C3-41B9-A009-DE4DDEF6A82F}.Release|Any CPU.Build.0 = Release|Any CPU
		{61AF6C69-7ABD-4881-A4FD-3E421268971F}.Debug|Any CPU.ActiveCfg = Debug|Any CPU
		{61AF6C69-7ABD-4881-A4FD-3E421268971F}.Debug|Any CPU.Build.0 = Debug|Any CPU
		{61AF6C69-7ABD-4881-A4FD-3E421268971F}.Release|Any CPU.ActiveCfg = Release|Any CPU
		{61AF6C69-7ABD-4881-A4FD-3E421268971F}.Release|Any CPU.Build.0 = Release|Any CPU
		{08BE9A99-748D-46C1-B2F4-98BF116609AF}.Debug|Any CPU.ActiveCfg = Debug|Any CPU
		{08BE9A99-748D-46C1-B2F4-98BF116609AF}.Debug|Any CPU.Build.0 = Debug|Any CPU
		{08BE9A99-748D-46C1-B2F4-98BF116609AF}.Release|Any CPU.ActiveCfg = Release|Any CPU
		{08BE9A99-748D-46C1-B2F4-98BF116609AF}.Release|Any CPU.Build.0 = Release|Any CPU
		{B3CDB512-1DCA-415C-A8F8-C047BB719DDE}.Debug|Any CPU.ActiveCfg = Debug|Any CPU
		{B3CDB512-1DCA-415C-A8F8-C047BB719DDE}.Debug|Any CPU.Build.0 = Debug|Any CPU
		{B3CDB512-1DCA-415C-A8F8-C047BB719DDE}.Release|Any CPU.ActiveCfg = Release|Any CPU
		{B3CDB512-1DCA-415C-A8F8-C047BB719DDE}.Release|Any CPU.Build.0 = Release|Any CPU
	EndGlobalSection
	GlobalSection(SolutionProperties) = preSolution
		HideSolutionNode = FALSE
	EndGlobalSection
	GlobalSection(NestedProjects) = preSolution
		{DC0AFEE3-D57F-4E76-9B6D-FDF1C754E1F2} = {3AD291C3-E5B9-4B41-A0A8-FD770653EF03}
		{3AD291C3-E5B9-4B41-A0A8-FD770653EF03} = {FABA0B98-34E9-41D9-8D1A-250D01F22425}
		{72E9E59C-FCE1-46CB-ABEC-B366B77FDB66} = {3AD291C3-E5B9-4B41-A0A8-FD770653EF03}
		{5A5122C9-266B-4D7A-8824-A6138F04C8F4} = {FABA0B98-34E9-41D9-8D1A-250D01F22425}
		{A50AFDF5-8134-4188-BD3D-77DC9AEA3519} = {5A5122C9-266B-4D7A-8824-A6138F04C8F4}
		{15B23FE9-6B88-429F-BB3A-E76F9F347731} = {5A5122C9-266B-4D7A-8824-A6138F04C8F4}
		{3C744B67-9B12-41F2-8C9C-F0013C94752D} = {FABA0B98-34E9-41D9-8D1A-250D01F22425}
		{95BE65D9-4D4B-4718-919E-64754594C96F} = {FABA0B98-34E9-41D9-8D1A-250D01F22425}
		{ABFCBA0B-61C3-41B9-A009-DE4DDEF6A82F} = {3C744B67-9B12-41F2-8C9C-F0013C94752D}
		{61AF6C69-7ABD-4881-A4FD-3E421268971F} = {3C744B67-9B12-41F2-8C9C-F0013C94752D}
		{08BE9A99-748D-46C1-B2F4-98BF116609AF} = {95BE65D9-4D4B-4718-919E-64754594C96F}
		{B3CDB512-1DCA-415C-A8F8-C047BB719DDE} = {95BE65D9-4D4B-4718-919E-64754594C96F}
	EndGlobalSection
	GlobalSection(ExtensibilityGlobals) = postSolution
		SolutionGuid = {6856D3BB-08FE-469F-93E9-32139ED98E76}
	EndGlobalSection
EndGlobal
