
Microsoft Visual Studio Solution File, Format Version 12.00
# Visual Studio Version 17
VisualStudioVersion = 17.0.31903.59
MinimumVisualStudioVersion = 10.0.40219.1
Project("{FAE04EC0-301F-11D3-BF4B-00C04F79EFBC}") = "Rift.Runtime", "src\Rift.Runtime\Rift.Runtime.csproj", "{A8C695AA-742C-4E74-BD71-3764C795F24E}"
EndProject
Project("{FAE04EC0-301F-11D3-BF4B-00C04F79EFBC}") = "Rift", "src\Rift\Rift.csproj", "{64A6E16B-BFD5-4549-9217-2D9D197573F3}"
EndProject
Project("{FAE04EC0-301F-11D3-BF4B-00C04F79EFBC}") = "Rift.Runtime.Tests", "src\Rift.Runtime.Tests\Rift.Runtime.Tests.csproj", "{C50FCAA0-54AF-4242-B123-20F59D877986}"
EndProject
Project("{FAE04EC0-301F-11D3-BF4B-00C04F79EFBC}") = "Rift.Module.NuGet", "src\Rift.Module.NuGet\Rift.Module.NuGet.csproj", "{9890D7F2-A05A-43F3-912F-4BAEEB001A41}"
EndProject
Global
	GlobalSection(SolutionConfigurationPlatforms) = preSolution
		Debug|Any CPU = Debug|Any CPU
		Release|Any CPU = Release|Any CPU
	EndGlobalSection
	GlobalSection(ProjectConfigurationPlatforms) = postSolution
		{A8C695AA-742C-4E74-BD71-3764C795F24E}.Debug|Any CPU.ActiveCfg = Debug|Any CPU
		{A8C695AA-742C-4E74-BD71-3764C795F24E}.Debug|Any CPU.Build.0 = Debug|Any CPU
		{A8C695AA-742C-4E74-BD71-3764C795F24E}.Release|Any CPU.ActiveCfg = Release|Any CPU
		{A8C695AA-742C-4E74-BD71-3764C795F24E}.Release|Any CPU.Build.0 = Release|Any CPU
		{64A6E16B-BFD5-4549-9217-2D9D197573F3}.Debug|Any CPU.ActiveCfg = Debug|Any CPU
		{64A6E16B-BFD5-4549-9217-2D9D197573F3}.Debug|Any CPU.Build.0 = Debug|Any CPU
		{64A6E16B-BFD5-4549-9217-2D9D197573F3}.Release|Any CPU.ActiveCfg = Release|Any CPU
		{64A6E16B-BFD5-4549-9217-2D9D197573F3}.Release|Any CPU.Build.0 = Release|Any CPU
		{C50FCAA0-54AF-4242-B123-20F59D877986}.Debug|Any CPU.ActiveCfg = Debug|Any CPU
		{C50FCAA0-54AF-4242-B123-20F59D877986}.Debug|Any CPU.Build.0 = Debug|Any CPU
		{C50FCAA0-54AF-4242-B123-20F59D877986}.Release|Any CPU.ActiveCfg = Release|Any CPU
		{C50FCAA0-54AF-4242-B123-20F59D877986}.Release|Any CPU.Build.0 = Release|Any CPU
		{9890D7F2-A05A-43F3-912F-4BAEEB001A41}.Debug|Any CPU.ActiveCfg = Debug|Any CPU
		{9890D7F2-A05A-43F3-912F-4BAEEB001A41}.Debug|Any CPU.Build.0 = Debug|Any CPU
		{9890D7F2-A05A-43F3-912F-4BAEEB001A41}.Release|Any CPU.ActiveCfg = Release|Any CPU
		{9890D7F2-A05A-43F3-912F-4BAEEB001A41}.Release|Any CPU.Build.0 = Release|Any CPU
	EndGlobalSection
	GlobalSection(SolutionProperties) = preSolution
		HideSolutionNode = FALSE
	EndGlobalSection
EndGlobal
