
Microsoft Visual Studio Solution File, Format Version 12.00
# Visual Studio Version 17
VisualStudioVersion = 17.0.31903.59
MinimumVisualStudioVersion = 10.0.40219.1
Project("{FAE04EC0-301F-11D3-BF4B-00C04F79EFBC}") = "Rift.Runtime", "src\Rift.Runtime\Rift.Runtime.csproj", "{A8C695AA-742C-4E74-BD71-3764C795F24E}"
EndProject
Project("{FAE04EC0-301F-11D3-BF4B-00C04F79EFBC}") = "Rift", "src\Rift\Rift.csproj", "{64A6E16B-BFD5-4549-9217-2D9D197573F3}"
EndProject
Project("{FAE04EC0-301F-11D3-BF4B-00C04F79EFBC}") = "Rift.Runtime.Tests", "src\Rift.Runtime.Tests\Rift.Runtime.Tests.csproj", "{C50FCAA0-54AF-4242-B123-20F59D877986}"
EndProject
Project("{FAE04EC0-301F-11D3-BF4B-00C04F79EFBC}") = "Rift.Generate", "Plugins\Rift.Generate\src\Rift.Generate.csproj", "{3165A4A2-F6C2-41EB-8538-D7C8339A0314}"
EndProject
Project("{2150E333-8FDC-42A3-9474-1A3956D46DE8}") = "Plugins", "Plugins", "{638C74EF-4AB5-4F1E-83B7-28A7B9438B82}"
EndProject
Project("{FAE04EC0-301F-11D3-BF4B-00C04F79EFBC}") = "Rift.Go", "Plugins\Rift.Go\src\Rift.Go.csproj", "{B87985B2-811C-4C6A-80BE-F9073EC043A0}"
EndProject
Global
	GlobalSection(SolutionConfigurationPlatforms) = preSolution
		Debug|Any CPU = Debug|Any CPU
		Release|Any CPU = Release|Any CPU
	EndGlobalSection
	GlobalSection(ProjectConfigurationPlatforms) = postSolution
		{A8C695AA-742C-4E74-BD71-3764C795F24E}.Debug|Any CPU.ActiveCfg = Debug|Any CPU
		{A8C695AA-742C-4E74-BD71-3764C795F24E}.Debug|Any CPU.Build.0 = Debug|Any CPU
		{A8C695AA-742C-4E74-BD71-3764C795F24E}.Release|Any CPU.ActiveCfg = Release|Any CPU
		{A8C695AA-742C-4E74-BD71-3764C795F24E}.Release|Any CPU.Build.0 = Release|Any CPU
		{64A6E16B-BFD5-4549-9217-2D9D197573F3}.Debug|Any CPU.ActiveCfg = Debug|Any CPU
		{64A6E16B-BFD5-4549-9217-2D9D197573F3}.Debug|Any CPU.Build.0 = Debug|Any CPU
		{64A6E16B-BFD5-4549-9217-2D9D197573F3}.Release|Any CPU.ActiveCfg = Release|Any CPU
		{64A6E16B-BFD5-4549-9217-2D9D197573F3}.Release|Any CPU.Build.0 = Release|Any CPU
		{C50FCAA0-54AF-4242-B123-20F59D877986}.Debug|Any CPU.ActiveCfg = Debug|Any CPU
		{C50FCAA0-54AF-4242-B123-20F59D877986}.Debug|Any CPU.Build.0 = Debug|Any CPU
		{C50FCAA0-54AF-4242-B123-20F59D877986}.Release|Any CPU.ActiveCfg = Release|Any CPU
		{C50FCAA0-54AF-4242-B123-20F59D877986}.Release|Any CPU.Build.0 = Release|Any CPU
		{3165A4A2-F6C2-41EB-8538-D7C8339A0314}.Debug|Any CPU.ActiveCfg = Debug|Any CPU
		{3165A4A2-F6C2-41EB-8538-D7C8339A0314}.Debug|Any CPU.Build.0 = Debug|Any CPU
		{3165A4A2-F6C2-41EB-8538-D7C8339A0314}.Release|Any CPU.ActiveCfg = Release|Any CPU
		{3165A4A2-F6C2-41EB-8538-D7C8339A0314}.Release|Any CPU.Build.0 = Release|Any CPU
		{B87985B2-811C-4C6A-80BE-F9073EC043A0}.Debug|Any CPU.ActiveCfg = Debug|Any CPU
		{B87985B2-811C-4C6A-80BE-F9073EC043A0}.Debug|Any CPU.Build.0 = Debug|Any CPU
		{B87985B2-811C-4C6A-80BE-F9073EC043A0}.Release|Any CPU.ActiveCfg = Release|Any CPU
		{B87985B2-811C-4C6A-80BE-F9073EC043A0}.Release|Any CPU.Build.0 = Release|Any CPU
	EndGlobalSection
	GlobalSection(SolutionProperties) = preSolution
		HideSolutionNode = FALSE
	EndGlobalSection
	GlobalSection(NestedProjects) = preSolution
		{3165A4A2-F6C2-41EB-8538-D7C8339A0314} = {638C74EF-4AB5-4F1E-83B7-28A7B9438B82}
		{B87985B2-811C-4C6A-80BE-F9073EC043A0} = {638C74EF-4AB5-4F1E-83B7-28A7B9438B82}
	EndGlobalSection
EndGlobal
