
Microsoft Visual Studio Solution File, Format Version 12.00
# Visual Studio Version 17
VisualStudioVersion = 17.0.31903.59
MinimumVisualStudioVersion = 10.0.40219.1
Project("{FAE04EC0-301F-11D3-BF4B-00C04F79EFBC}") = "Rift.Generate", "src\Rift.Generate.csproj", "{DFF04FFE-FCCE-48E3-92C6-6FDF8A971C23}"
EndProject
Project("{FAE04EC0-301F-11D3-BF4B-00C04F79EFBC}") = "Rift.Runtime", "..\..\rift\src\Rift.Runtime\Rift.Runtime.csproj", "{54240307-DE36-4E1E-9513-7799CFE370A7}"
EndProject
Project("{2150E333-8FDC-42A3-9474-1A3956D46DE8}") = "Assets", "Assets", "{97025FC2-77C9-470F-A945-94416CAAF37B}"
EndProject
Project("{2150E333-8FDC-42A3-9474-1A3956D46DE8}") = "1.0.0", "1.0.0", "{033E2F94-A0CA-4311-8449-6D3BBC0E8AFF}"
	ProjectSection(SolutionItems) = preProject
		.assets\1.0.0\Rift.toml = .assets\1.0.0\Rift.toml
	EndProjectSection
EndProject
Global
	GlobalSection(SolutionConfigurationPlatforms) = preSolution
		Debug|Any CPU = Debug|Any CPU
		Release|Any CPU = Release|Any CPU
	EndGlobalSection
	GlobalSection(ProjectConfigurationPlatforms) = postSolution
		{DFF04FFE-FCCE-48E3-92C6-6FDF8A971C23}.Debug|Any CPU.ActiveCfg = Debug|Any CPU
		{DFF04FFE-FCCE-48E3-92C6-6FDF8A971C23}.Debug|Any CPU.Build.0 = Debug|Any CPU
		{DFF04FFE-FCCE-48E3-92C6-6FDF8A971C23}.Release|Any CPU.ActiveCfg = Release|Any CPU
		{DFF04FFE-FCCE-48E3-92C6-6FDF8A971C23}.Release|Any CPU.Build.0 = Release|Any CPU
		{54240307-DE36-4E1E-9513-7799CFE370A7}.Debug|Any CPU.ActiveCfg = Debug|Any CPU
		{54240307-DE36-4E1E-9513-7799CFE370A7}.Debug|Any CPU.Build.0 = Debug|Any CPU
		{54240307-DE36-4E1E-9513-7799CFE370A7}.Release|Any CPU.ActiveCfg = Release|Any CPU
		{54240307-DE36-4E1E-9513-7799CFE370A7}.Release|Any CPU.Build.0 = Release|Any CPU
	EndGlobalSection
	GlobalSection(SolutionProperties) = preSolution
		HideSolutionNode = FALSE
	EndGlobalSection
	GlobalSection(NestedProjects) = preSolution
		{033E2F94-A0CA-4311-8449-6D3BBC0E8AFF} = {97025FC2-77C9-470F-A945-94416CAAF37B}
	EndGlobalSection
EndGlobal
